// !$*UTF8*$!
{
	archiveVersion = 1;
	classes = {
	};
	objectVersion = 56;
	objects = {

/* Begin PBXBuildFile section */
		151746DB2B6968EA0074FF35 /* main.swift in Sources */ = {isa = PBXBuildFile; fileRef = 151746DA2B6968EA0074FF35 /* main.swift */; };
		151746E42B696A950074FF35 /* llmfarm_core in Frameworks */ = {isa = PBXBuildFile; productRef = 151746E32B696A950074FF35 /* llmfarm_core */; };
		151746E62B696C080074FF35 /* Accelerate.framework in Frameworks */ = {isa = PBXBuildFile; fileRef = 151746E52B696C080074FF35 /* Accelerate.framework */; };
		151746EA2B696C2A0074FF35 /* Metal.framework in Frameworks */ = {isa = PBXBuildFile; fileRef = 151746E72B696C2A0074FF35 /* Metal.framework */; };
		151746EB2B696C2A0074FF35 /* MetalKit.framework in Frameworks */ = {isa = PBXBuildFile; fileRef = 151746E82B696C2A0074FF35 /* MetalKit.framework */; };
		151746EC2B696C2A0074FF35 /* MetalPerformanceShaders.framework in Frameworks */ = {isa = PBXBuildFile; fileRef = 151746E92B696C2A0074FF35 /* MetalPerformanceShaders.framework */; };
/* End PBXBuildFile section */

/* Begin PBXCopyFilesBuildPhase section */
		151746D52B6968EA0074FF35 /* CopyFiles */ = {
			isa = PBXCopyFilesBuildPhase;
			buildActionMask = 2147483647;
			dstPath = /usr/share/man/man1/;
			dstSubfolderSpec = 0;
			files = (
			);
			runOnlyForDeploymentPostprocessing = 1;
		};
/* End PBXCopyFilesBuildPhase section */

/* Begin PBXFileReference section */
		151746D72B6968EA0074FF35 /* DemoProject */ = {isa = PBXFileReference; explicitFileType = "compiled.mach-o.executable"; includeInIndex = 0; path = DemoProject; sourceTree = BUILT_PRODUCTS_DIR; };
		151746DA2B6968EA0074FF35 /* main.swift */ = {isa = PBXFileReference; lastKnownFileType = sourcecode.swift; path = main.swift; sourceTree = "<group>"; };
		151746E12B6969200074FF35 /* llmfarm_core.swift */ = {isa = PBXFileReference; lastKnownFileType = wrapper; name = llmfarm_core.swift; path = ..; sourceTree = "<group>"; };
		151746E52B696C080074FF35 /* Accelerate.framework */ = {isa = PBXFileReference; lastKnownFileType = wrapper.framework; name = Accelerate.framework; path = System/Library/Frameworks/Accelerate.framework; sourceTree = SDKROOT; };
		151746E72B696C2A0074FF35 /* Metal.framework */ = {isa = PBXFileReference; lastKnownFileType = wrapper.framework; name = Metal.framework; path = System/Library/Frameworks/Metal.framework; sourceTree = SDKROOT; };
		151746E82B696C2A0074FF35 /* MetalKit.framework */ = {isa = PBXFileReference; lastKnownFileType = wrapper.framework; name = MetalKit.framework; path = System/Library/Frameworks/MetalKit.framework; sourceTree = SDKROOT; };
		151746E92B696C2A0074FF35 /* MetalPerformanceShaders.framework */ = {isa = PBXFileReference; lastKnownFileType = wrapper.framework; name = MetalPerformanceShaders.framework; path = System/Library/Frameworks/MetalPerformanceShaders.framework; sourceTree = SDKROOT; };
/* End PBXFileReference section */

/* Begin PBXFrameworksBuildPhase section */
		151746D42B6968EA0074FF35 /* Frameworks */ = {
			isa = PBXFrameworksBuildPhase;
			buildActionMask = 2147483647;
			files = (
				151746EC2B696C2A0074FF35 /* MetalPerformanceShaders.framework in Frameworks */,
				151746E42B696A950074FF35 /* llmfarm_core in Frameworks */,
				151746EB2B696C2A0074FF35 /* MetalKit.framework in Frameworks */,
				151746EA2B696C2A0074FF35 /* Metal.framework in Frameworks */,
				151746E62B696C080074FF35 /* Accelerate.framework in Frameworks */,
			);
			runOnlyForDeploymentPostprocessing = 0;
		};
/* End PBXFrameworksBuildPhase section */

/* Begin PBXGroup section */
		151746CE2B6968EA0074FF35 = {
			isa = PBXGroup;
			children = (
				151746E12B6969200074FF35 /* llmfarm_core.swift */,
				151746D92B6968EA0074FF35 /* DemoProject */,
				151746D82B6968EA0074FF35 /* Products */,
				151746E22B696A950074FF35 /* Frameworks */,
			);
			sourceTree = "<group>";
		};
		151746D82B6968EA0074FF35 /* Products */ = {
			isa = PBXGroup;
			children = (
				151746D72B6968EA0074FF35 /* DemoProject */,
			);
			name = Products;
			sourceTree = "<group>";
		};
		151746D92B6968EA0074FF35 /* DemoProject */ = {
			isa = PBXGroup;
			children = (
				151746DA2B6968EA0074FF35 /* main.swift */,
			);
			path = DemoProject;
			sourceTree = "<group>";
		};
		151746E22B696A950074FF35 /* Frameworks */ = {
			isa = PBXGroup;
			children = (
				151746E72B696C2A0074FF35 /* Metal.framework */,
				151746E82B696C2A0074FF35 /* MetalKit.framework */,
				151746E92B696C2A0074FF35 /* MetalPerformanceShaders.framework */,
				151746E52B696C080074FF35 /* Accelerate.framework */,
			);
			name = Frameworks;
			sourceTree = "<group>";
		};
/* End PBXGroup section */

/* Begin PBXNativeTarget section */
		151746D62B6968EA0074FF35 /* DemoProject */ = {
			isa = PBXNativeTarget;
			buildConfigurationList = 151746DE2B6968EA0074FF35 /* Build configuration list for PBXNativeTarget "DemoProject" */;
			buildPhases = (
				151746D32B6968EA0074FF35 /* Sources */,
				151746D42B6968EA0074FF35 /* Frameworks */,
				151746D52B6968EA0074FF35 /* CopyFiles */,
			);
			buildRules = (
			);
			dependencies = (
			);
			name = DemoProject;
			packageProductDependencies = (
				151746E32B696A950074FF35 /* llmfarm_core */,
			);
			productName = DemoProject;
			productReference = 151746D72B6968EA0074FF35 /* DemoProject */;
			productType = "com.apple.product-type.tool";
		};
/* End PBXNativeTarget section */

/* Begin PBXProject section */
		151746CF2B6968EA0074FF35 /* Project object */ = {
			isa = PBXProject;
			attributes = {
				BuildIndependentTargetsInParallel = 1;
				LastSwiftUpdateCheck = 1510;
				LastUpgradeCheck = 1510;
				TargetAttributes = {
					151746D62B6968EA0074FF35 = {
						CreatedOnToolsVersion = 15.1;
					};
				};
			};
			buildConfigurationList = 151746D22B6968EA0074FF35 /* Build configuration list for PBXProject "DemoProject" */;
			compatibilityVersion = "Xcode 14.0";
			developmentRegion = en;
			hasScannedForEncodings = 0;
			knownRegions = (
				en,
				Base,
			);
			mainGroup = 151746CE2B6968EA0074FF35;
			productRefGroup = 151746D82B6968EA0074FF35 /* Products */;
			projectDirPath = "";
			projectRoot = "";
			targets = (
				151746D62B6968EA0074FF35 /* DemoProject */,
			);
		};
/* End PBXProject section */

/* Begin PBXSourcesBuildPhase section */
		151746D32B6968EA0074FF35 /* Sources */ = {
			isa = PBXSourcesBuildPhase;
			buildActionMask = 2147483647;
			files = (
				151746DB2B6968EA0074FF35 /* main.swift in Sources */,
			);
			runOnlyForDeploymentPostprocessing = 0;
		};
/* End PBXSourcesBuildPhase section */

/* Begin XCBuildConfiguration section */
		151746DC2B6968EA0074FF35 /* Debug */ = {
			isa = XCBuildConfiguration;
			buildSettings = {
				ALWAYS_SEARCH_USER_PATHS = NO;
				ASSETCATALOG_COMPILER_GENERATE_SWIFT_ASSET_SYMBOL_EXTENSIONS = YES;
				CLANG_ANALYZER_NONNULL = YES;
				CLANG_ANALYZER_NUMBER_OBJECT_CONVERSION = YES_AGGRESSIVE;
				CLANG_CXX_LANGUAGE_STANDARD = "gnu++20";
				CLANG_ENABLE_MODULES = YES;
				CLANG_ENABLE_OBJC_ARC = YES;
				CLANG_ENABLE_OBJC_WEAK = YES;
				CLANG_WARN_BLOCK_CAPTURE_AUTORELEASING = YES;
				CLANG_WARN_BOOL_CONVERSION = YES;
				CLANG_WARN_COMMA = YES;
				CLANG_WARN_CONSTANT_CONVERSION = YES;
				CLANG_WARN_DEPRECATED_OBJC_IMPLEMENTATIONS = YES;
				CLANG_WARN_DIRECT_OBJC_ISA_USAGE = YES_ERROR;
				CLANG_WARN_DOCUMENTATION_COMMENTS = YES;
				CLANG_WARN_EMPTY_BODY = YES;
				CLANG_WARN_ENUM_CONVERSION = YES;
				CLANG_WARN_INFINITE_RECURSION = YES;
				CLANG_WARN_INT_CONVERSION = YES;
				CLANG_WARN_NON_LITERAL_NULL_CONVERSION = YES;
				CLANG_WARN_OBJC_IMPLICIT_RETAIN_SELF = YES;
				CLANG_WARN_OBJC_LITERAL_CONVERSION = YES;
				CLANG_WARN_OBJC_ROOT_CLASS = YES_ERROR;
				CLANG_WARN_QUOTED_INCLUDE_IN_FRAMEWORK_HEADER = YES;
				CLANG_WARN_RANGE_LOOP_ANALYSIS = YES;
				CLANG_WARN_STRICT_PROTOTYPES = YES;
				CLANG_WARN_SUSPICIOUS_MOVE = YES;
				CLANG_WARN_UNGUARDED_AVAILABILITY = YES_AGGRESSIVE;
				CLANG_WARN_UNREACHABLE_CODE = YES;
				CLANG_WARN__DUPLICATE_METHOD_MATCH = YES;
				COPY_PHASE_STRIP = NO;
				DEBUG_INFORMATION_FORMAT = dwarf;
				ENABLE_STRICT_OBJC_MSGSEND = YES;
				ENABLE_TESTABILITY = YES;
				ENABLE_USER_SCRIPT_SANDBOXING = YES;
				GCC_C_LANGUAGE_STANDARD = gnu17;
				GCC_DYNAMIC_NO_PIC = NO;
				GCC_NO_COMMON_BLOCKS = YES;
				GCC_OPTIMIZATION_LEVEL = 0;
				GCC_PREPROCESSOR_DEFINITIONS = (
					"DEBUG=1",
					"$(inherited)",
				);
				GCC_WARN_64_TO_32_BIT_CONVERSION = YES;
				GCC_WARN_ABOUT_RETURN_TYPE = YES_ERROR;
				GCC_WARN_UNDECLARED_SELECTOR = YES;
				GCC_WARN_UNINITIALIZED_AUTOS = YES_AGGRESSIVE;
				GCC_WARN_UNUSED_FUNCTION = YES;
				GCC_WARN_UNUSED_VARIABLE = YES;
				LOCALIZATION_PREFERS_STRING_CATALOGS = YES;
				MACOSX_DEPLOYMENT_TARGET = 14.1;
				MTL_ENABLE_DEBUG_INFO = INCLUDE_SOURCE;
				MTL_FAST_MATH = YES;
				ONLY_ACTIVE_ARCH = YES;
				SDKROOT = macosx;
				SWIFT_ACTIVE_COMPILATION_CONDITIONS = "DEBUG $(inherited)";
				SWIFT_OPTIMIZATION_LEVEL = "-Onone";
			};
			name = Debug;
		};
		151746DD2B6968EA0074FF35 /* Release */ = {
			isa = XCBuildConfiguration;
			buildSettings = {
				ALWAYS_SEARCH_USER_PATHS = NO;
				ASSETCATALOG_COMPILER_GENERATE_SWIFT_ASSET_SYMBOL_EXTENSIONS = YES;
				CLANG_ANALYZER_NONNULL = YES;
				CLANG_ANALYZER_NUMBER_OBJECT_CONVERSION = YES_AGGRESSIVE;
				CLANG_CXX_LANGUAGE_STANDARD = "gnu++20";
				CLANG_ENABLE_MODULES = YES;
				CLANG_ENABLE_OBJC_ARC = YES;
				CLANG_ENABLE_OBJC_WEAK = YES;
				CLANG_WARN_BLOCK_CAPTURE_AUTORELEASING = YES;
				CLANG_WARN_BOOL_CONVERSION = YES;
				CLANG_WARN_COMMA = YES;
				CLANG_WARN_CONSTANT_CONVERSION = YES;
				CLANG_WARN_DEPRECATED_OBJC_IMPLEMENTATIONS = YES;
				CLANG_WARN_DIRECT_OBJC_ISA_USAGE = YES_ERROR;
				CLANG_WARN_DOCUMENTATION_COMMENTS = YES;
				CLANG_WARN_EMPTY_BODY = YES;
				CLANG_WARN_ENUM_CONVERSION = YES;
				CLANG_WARN_INFINITE_RECURSION = YES;
				CLANG_WARN_INT_CONVERSION = YES;
				CLANG_WARN_NON_LITERAL_NULL_CONVERSION = YES;
				CLANG_WARN_OBJC_IMPLICIT_RETAIN_SELF = YES;
				CLANG_WARN_OBJC_LITERAL_CONVERSION = YES;
				CLANG_WARN_OBJC_ROOT_CLASS = YES_ERROR;
				CLANG_WARN_QUOTED_INCLUDE_IN_FRAMEWORK_HEADER = YES;
				CLANG_WARN_RANGE_LOOP_ANALYSIS = YES;
				CLANG_WARN_STRICT_PROTOTYPES = YES;
				CLANG_WARN_SUSPICIOUS_MOVE = YES;
				CLANG_WARN_UNGUARDED_AVAILABILITY = YES_AGGRESSIVE;
				CLANG_WARN_UNREACHABLE_CODE = YES;
				CLANG_WARN__DUPLICATE_METHOD_MATCH = YES;
				COPY_PHASE_STRIP = NO;
				DEBUG_INFORMATION_FORMAT = "dwarf-with-dsym";
				ENABLE_NS_ASSERTIONS = NO;
				ENABLE_STRICT_OBJC_MSGSEND = YES;
				ENABLE_USER_SCRIPT_SANDBOXING = YES;
				GCC_C_LANGUAGE_STANDARD = gnu17;
				GCC_NO_COMMON_BLOCKS = YES;
				GCC_WARN_64_TO_32_BIT_CONVERSION = YES;
				GCC_WARN_ABOUT_RETURN_TYPE = YES_ERROR;
				GCC_WARN_UNDECLARED_SELECTOR = YES;
				GCC_WARN_UNINITIALIZED_AUTOS = YES_AGGRESSIVE;
				GCC_WARN_UNUSED_FUNCTION = YES;
				GCC_WARN_UNUSED_VARIABLE = YES;
				LOCALIZATION_PREFERS_STRING_CATALOGS = YES;
				MACOSX_DEPLOYMENT_TARGET = 14.1;
				MTL_ENABLE_DEBUG_INFO = NO;
				MTL_FAST_MATH = YES;
				SDKROOT = macosx;
				SWIFT_COMPILATION_MODE = wholemodule;
			};
			name = Release;
		};
		151746DF2B6968EA0074FF35 /* Debug */ = {
			isa = XCBuildConfiguration;
			buildSettings = {
				CODE_SIGN_STYLE = Automatic;
				DEVELOPMENT_TEAM = C66ZA422A7;
				ENABLE_HARDENED_RUNTIME = YES;
				PRODUCT_NAME = "$(TARGET_NAME)";
				SWIFT_VERSION = 5.0;
			};
			name = Debug;
		};
		151746E02B6968EA0074FF35 /* Release */ = {
			isa = XCBuildConfiguration;
			buildSettings = {
				CODE_SIGN_STYLE = Automatic;
				DEVELOPMENT_TEAM = C66ZA422A7;
				ENABLE_HARDENED_RUNTIME = YES;
				PRODUCT_NAME = "$(TARGET_NAME)";
				SWIFT_VERSION = 5.0;
			};
			name = Release;
		};
/* End XCBuildConfiguration section */

/* Begin XCConfigurationList section */
		151746D22B6968EA0074FF35 /* Build configuration list for PBXProject "DemoProject" */ = {
			isa = XCConfigurationList;
			buildConfigurations = (
				151746DC2B6968EA0074FF35 /* Debug */,
				151746DD2B6968EA0074FF35 /* Release */,
			);
			defaultConfigurationIsVisible = 0;
			defaultConfigurationName = Release;
		};
		151746DE2B6968EA0074FF35 /* Build configuration list for PBXNativeTarget "DemoProject" */ = {
			isa = XCConfigurationList;
			buildConfigurations = (
				151746DF2B6968EA0074FF35 /* Debug */,
				151746E02B6968EA0074FF35 /* Release */,
			);
			defaultConfigurationIsVisible = 0;
			defaultConfigurationName = Release;
		};
/* End XCConfigurationList section */

/* Begin XCSwiftPackageProductDependency section */
		151746E32B696A950074FF35 /* llmfarm_core */ = {
			isa = XCSwiftPackageProductDependency;
			productName = llmfarm_core;
		};
/* End XCSwiftPackageProductDependency section */
	};
	rootObject = 151746CF2B6968EA0074FF35 /* Project object */;
}
